
Microsoft Visual Studio Solution File, Format Version 12.00
# Visual Studio 15
VisualStudioVersion = 15.0.28307.1684
MinimumVisualStudioVersion = 10.0.40219.1
Project("{FAE04EC0-301F-11D3-BF4B-00C04F79EFBC}") = "WebApplication3", "WebApplication3\WebApplication3.csproj", "{81FEFF5A-69E2-4984-A582-392D79B202AF}"
EndProject
Global
	GlobalSection(SolutionConfigurationPlatforms) = preSolution
		Debug|Any CPU = Debug|Any CPU
		Release|Any CPU = Release|Any CPU
	EndGlobalSection
	GlobalSection(ProjectConfigurationPlatforms) = postSolution
		{81FEFF5A-69E2-4984-A582-392D79B202AF}.Debug|Any CPU.ActiveCfg = Debug|Any CPU
		{81FEFF5A-69E2-4984-A582-392D79B202AF}.Debug|Any CPU.Build.0 = Debug|Any CPU
		{81FEFF5A-69E2-4984-A582-392D79B202AF}.Release|Any CPU.ActiveCfg = Release|Any CPU
		{81FEFF5A-69E2-4984-A582-392D79B202AF}.Release|Any CPU.Build.0 = Release|Any CPU
	EndGlobalSection
	GlobalSection(SolutionProperties) = preSolution
		HideSolutionNode = FALSE
	EndGlobalSection
	GlobalSection(ExtensibilityGlobals) = postSolution
		SolutionGuid = {E0CE73D1-E08B-40C6-889D-214D3FAA88C5}
	EndGlobalSection
EndGlobal
